
Microsoft Visual Studio Solution File, Format Version 12.00
# Visual Studio Version 17
VisualStudioVersion = 17.1.32414.318
MinimumVisualStudioVersion = 10.0.40219.1
Project("{FAE04EC0-301F-11D3-BF4B-00C04F79EFBC}") = "ExemploHashICompar", "ExemploHashICompar\ExemploHashICompar.csproj", "{2523DA98-6C51-452A-8D1B-63F33B53ADD3}"
EndProject
Global
	GlobalSection(SolutionConfigurationPlatforms) = preSolution
		Debug|Any CPU = Debug|Any CPU
		Release|Any CPU = Release|Any CPU
	EndGlobalSection
	GlobalSection(ProjectConfigurationPlatforms) = postSolution
		{2523DA98-6C51-452A-8D1B-63F33B53ADD3}.Debug|Any CPU.ActiveCfg = Debug|Any CPU
		{2523DA98-6C51-452A-8D1B-63F33B53ADD3}.Debug|Any CPU.Build.0 = Debug|Any CPU
		{2523DA98-6C51-452A-8D1B-63F33B53ADD3}.Release|Any CPU.ActiveCfg = Release|Any CPU
		{2523DA98-6C51-452A-8D1B-63F33B53ADD3}.Release|Any CPU.Build.0 = Release|Any CPU
	EndGlobalSection
	GlobalSection(SolutionProperties) = preSolution
		HideSolutionNode = FALSE
	EndGlobalSection
	GlobalSection(ExtensibilityGlobals) = postSolution
		SolutionGuid = {DE81BF01-72BE-4DB4-B926-0379FE5D595B}
	EndGlobalSection
EndGlobal
